// !$*UTF8*$!
{
	archiveVersion = 1;
	classes = {
	};
	objectVersion = 46;
	objects = {

/* Begin PBXBuildFile section */
		F82AEC6A193A036B0085C65E /* Foundation.framework in Frameworks */ = {isa = PBXBuildFile; fileRef = F82AEC69193A036B0085C65E /* Foundation.framework */; };
		F82AEC6C193A036B0085C65E /* CoreGraphics.framework in Frameworks */ = {isa = PBXBuildFile; fileRef = F82AEC6B193A036B0085C65E /* CoreGraphics.framework */; };
		F82AEC6E193A036B0085C65E /* UIKit.framework in Frameworks */ = {isa = PBXBuildFile; fileRef = F82AEC6D193A036B0085C65E /* UIKit.framework */; };
		F82AEC70193A036B0085C65E /* CoreData.framework in Frameworks */ = {isa = PBXBuildFile; fileRef = F82AEC6F193A036B0085C65E /* CoreData.framework */; };
		F82AEC76193A036B0085C65E /* InfoPlist.strings in Resources */ = {isa = PBXBuildFile; fileRef = F82AEC74193A036B0085C65E /* InfoPlist.strings */; };
		F82AEC78193A036B0085C65E /* main.m in Sources */ = {isa = PBXBuildFile; fileRef = F82AEC77193A036B0085C65E /* main.m */; };
		F82AEC7C193A036B0085C65E /* CCSAppDelegate.m in Sources */ = {isa = PBXBuildFile; fileRef = F82AEC7B193A036B0085C65E /* CCSAppDelegate.m */; };
		F82AEC7F193A036B0085C65E /* Main_iPhone.storyboard in Resources */ = {isa = PBXBuildFile; fileRef = F82AEC7D193A036B0085C65E /* Main_iPhone.storyboard */; };
		F82AEC82193A036B0085C65E /* Main_iPad.storyboard in Resources */ = {isa = PBXBuildFile; fileRef = F82AEC80193A036B0085C65E /* Main_iPad.storyboard */; };
		F82AEC85193A036B0085C65E /* NutriBrowser.xcdatamodeld in Sources */ = {isa = PBXBuildFile; fileRef = F82AEC83193A036B0085C65E /* NutriBrowser.xcdatamodeld */; };
		F82AEC88193A036B0085C65E /* CCSMasterViewController.m in Sources */ = {isa = PBXBuildFile; fileRef = F82AEC87193A036B0085C65E /* CCSMasterViewController.m */; };
		F82AEC8B193A036B0085C65E /* CCSDetailViewController.m in Sources */ = {isa = PBXBuildFile; fileRef = F82AEC8A193A036B0085C65E /* CCSDetailViewController.m */; };
		F82AEC8D193A036B0085C65E /* Images.xcassets in Resources */ = {isa = PBXBuildFile; fileRef = F82AEC8C193A036B0085C65E /* Images.xcassets */; };
		F82AEC94193A036B0085C65E /* XCTest.framework in Frameworks */ = {isa = PBXBuildFile; fileRef = F82AEC93193A036B0085C65E /* XCTest.framework */; };
		F82AEC95193A036B0085C65E /* Foundation.framework in Frameworks */ = {isa = PBXBuildFile; fileRef = F82AEC69193A036B0085C65E /* Foundation.framework */; };
		F82AEC96193A036B0085C65E /* UIKit.framework in Frameworks */ = {isa = PBXBuildFile; fileRef = F82AEC6D193A036B0085C65E /* UIKit.framework */; };
		F82AEC97193A036B0085C65E /* CoreData.framework in Frameworks */ = {isa = PBXBuildFile; fileRef = F82AEC6F193A036B0085C65E /* CoreData.framework */; };
		F82AEC9F193A036B0085C65E /* InfoPlist.strings in Resources */ = {isa = PBXBuildFile; fileRef = F82AEC9D193A036B0085C65E /* InfoPlist.strings */; };
		F82AECA1193A036B0085C65E /* NutriBrowserTests.m in Sources */ = {isa = PBXBuildFile; fileRef = F82AECA0193A036B0085C65E /* NutriBrowserTests.m */; };
/* End PBXBuildFile section */

/* Begin PBXContainerItemProxy section */
		F82AEC98193A036B0085C65E /* PBXContainerItemProxy */ = {
			isa = PBXContainerItemProxy;
			containerPortal = F82AEC5E193A036B0085C65E /* Project object */;
			proxyType = 1;
			remoteGlobalIDString = F82AEC65193A036B0085C65E;
			remoteInfo = NutriBrowser;
		};
/* End PBXContainerItemProxy section */

/* Begin PBXFileReference section */
		F82AEC66193A036B0085C65E /* NutriBrowser.app */ = {isa = PBXFileReference; explicitFileType = wrapper.application; includeInIndex = 0; path = NutriBrowser.app; sourceTree = BUILT_PRODUCTS_DIR; };
		F82AEC69193A036B0085C65E /* Foundation.framework */ = {isa = PBXFileReference; lastKnownFileType = wrapper.framework; name = Foundation.framework; path = System/Library/Frameworks/Foundation.framework; sourceTree = SDKROOT; };
		F82AEC6B193A036B0085C65E /* CoreGraphics.framework */ = {isa = PBXFileReference; lastKnownFileType = wrapper.framework; name = CoreGraphics.framework; path = System/Library/Frameworks/CoreGraphics.framework; sourceTree = SDKROOT; };
		F82AEC6D193A036B0085C65E /* UIKit.framework */ = {isa = PBXFileReference; lastKnownFileType = wrapper.framework; name = UIKit.framework; path = System/Library/Frameworks/UIKit.framework; sourceTree = SDKROOT; };
		F82AEC6F193A036B0085C65E /* CoreData.framework */ = {isa = PBXFileReference; lastKnownFileType = wrapper.framework; name = CoreData.framework; path = System/Library/Frameworks/CoreData.framework; sourceTree = SDKROOT; };
		F82AEC73193A036B0085C65E /* NutriBrowser-Info.plist */ = {isa = PBXFileReference; lastKnownFileType = text.plist.xml; path = "NutriBrowser-Info.plist"; sourceTree = "<group>"; };
		F82AEC75193A036B0085C65E /* en */ = {isa = PBXFileReference; lastKnownFileType = text.plist.strings; name = en; path = en.lproj/InfoPlist.strings; sourceTree = "<group>"; };
		F82AEC77193A036B0085C65E /* main.m */ = {isa = PBXFileReference; lastKnownFileType = sourcecode.c.objc; path = main.m; sourceTree = "<group>"; };
		F82AEC79193A036B0085C65E /* NutriBrowser-Prefix.pch */ = {isa = PBXFileReference; lastKnownFileType = sourcecode.c.h; path = "NutriBrowser-Prefix.pch"; sourceTree = "<group>"; };
		F82AEC7A193A036B0085C65E /* CCSAppDelegate.h */ = {isa = PBXFileReference; lastKnownFileType = sourcecode.c.h; path = CCSAppDelegate.h; sourceTree = "<group>"; };
		F82AEC7B193A036B0085C65E /* CCSAppDelegate.m */ = {isa = PBXFileReference; lastKnownFileType = sourcecode.c.objc; path = CCSAppDelegate.m; sourceTree = "<group>"; };
		F82AEC7E193A036B0085C65E /* Base */ = {isa = PBXFileReference; lastKnownFileType = file.storyboard; name = Base; path = Base.lproj/Main_iPhone.storyboard; sourceTree = "<group>"; };
		F82AEC81193A036B0085C65E /* Base */ = {isa = PBXFileReference; lastKnownFileType = file.storyboard; name = Base; path = Base.lproj/Main_iPad.storyboard; sourceTree = "<group>"; };
		F82AEC84193A036B0085C65E /* NutriBrowser.xcdatamodel */ = {isa = PBXFileReference; lastKnownFileType = wrapper.xcdatamodel; path = NutriBrowser.xcdatamodel; sourceTree = "<group>"; };
		F82AEC86193A036B0085C65E /* CCSMasterViewController.h */ = {isa = PBXFileReference; lastKnownFileType = sourcecode.c.h; path = CCSMasterViewController.h; sourceTree = "<group>"; };
		F82AEC87193A036B0085C65E /* CCSMasterViewController.m */ = {isa = PBXFileReference; lastKnownFileType = sourcecode.c.objc; path = CCSMasterViewController.m; sourceTree = "<group>"; };
		F82AEC89193A036B0085C65E /* CCSDetailViewController.h */ = {isa = PBXFileReference; lastKnownFileType = sourcecode.c.h; path = CCSDetailViewController.h; sourceTree = "<group>"; };
		F82AEC8A193A036B0085C65E /* CCSDetailViewController.m */ = {isa = PBXFileReference; lastKnownFileType = sourcecode.c.objc; path = CCSDetailViewController.m; sourceTree = "<group>"; };
		F82AEC8C193A036B0085C65E /* Images.xcassets */ = {isa = PBXFileReference; lastKnownFileType = folder.assetcatalog; path = Images.xcassets; sourceTree = "<group>"; };
		F82AEC92193A036B0085C65E /* NutriBrowserTests.xctest */ = {isa = PBXFileReference; explicitFileType = wrapper.cfbundle; includeInIndex = 0; path = NutriBrowserTests.xctest; sourceTree = BUILT_PRODUCTS_DIR; };
		F82AEC93193A036B0085C65E /* XCTest.framework */ = {isa = PBXFileReference; lastKnownFileType = wrapper.framework; name = XCTest.framework; path = Library/Frameworks/XCTest.framework; sourceTree = DEVELOPER_DIR; };
		F82AEC9C193A036B0085C65E /* NutriBrowserTests-Info.plist */ = {isa = PBXFileReference; lastKnownFileType = text.plist.xml; path = "NutriBrowserTests-Info.plist"; sourceTree = "<group>"; };
		F82AEC9E193A036B0085C65E /* en */ = {isa = PBXFileReference; lastKnownFileType = text.plist.strings; name = en; path = en.lproj/InfoPlist.strings; sourceTree = "<group>"; };
		F82AECA0193A036B0085C65E /* NutriBrowserTests.m */ = {isa = PBXFileReference; lastKnownFileType = sourcecode.c.objc; path = NutriBrowserTests.m; sourceTree = "<group>"; };
/* End PBXFileReference section */

/* Begin PBXFrameworksBuildPhase section */
		F82AEC63193A036B0085C65E /* Frameworks */ = {
			isa = PBXFrameworksBuildPhase;
			buildActionMask = 2147483647;
			files = (
				F82AEC6C193A036B0085C65E /* CoreGraphics.framework in Frameworks */,
				F82AEC70193A036B0085C65E /* CoreData.framework in Frameworks */,
				F82AEC6E193A036B0085C65E /* UIKit.framework in Frameworks */,
				F82AEC6A193A036B0085C65E /* Foundation.framework in Frameworks */,
			);
			runOnlyForDeploymentPostprocessing = 0;
		};
		F82AEC8F193A036B0085C65E /* Frameworks */ = {
			isa = PBXFrameworksBuildPhase;
			buildActionMask = 2147483647;
			files = (
				F82AEC94193A036B0085C65E /* XCTest.framework in Frameworks */,
				F82AEC97193A036B0085C65E /* CoreData.framework in Frameworks */,
				F82AEC96193A036B0085C65E /* UIKit.framework in Frameworks */,
				F82AEC95193A036B0085C65E /* Foundation.framework in Frameworks */,
			);
			runOnlyForDeploymentPostprocessing = 0;
		};
/* End PBXFrameworksBuildPhase section */

/* Begin PBXGroup section */
		F82AEC5D193A036B0085C65E = {
			isa = PBXGroup;
			children = (
				F82AEC71193A036B0085C65E /* NutriBrowser */,
				F82AEC9A193A036B0085C65E /* NutriBrowserTests */,
				F82AEC68193A036B0085C65E /* Frameworks */,
				F82AEC67193A036B0085C65E /* Products */,
			);
			sourceTree = "<group>";
		};
		F82AEC67193A036B0085C65E /* Products */ = {
			isa = PBXGroup;
			children = (
				F82AEC66193A036B0085C65E /* NutriBrowser.app */,
				F82AEC92193A036B0085C65E /* NutriBrowserTests.xctest */,
			);
			name = Products;
			sourceTree = "<group>";
		};
		F82AEC68193A036B0085C65E /* Frameworks */ = {
			isa = PBXGroup;
			children = (
				F82AEC69193A036B0085C65E /* Foundation.framework */,
				F82AEC6B193A036B0085C65E /* CoreGraphics.framework */,
				F82AEC6D193A036B0085C65E /* UIKit.framework */,
				F82AEC6F193A036B0085C65E /* CoreData.framework */,
				F82AEC93193A036B0085C65E /* XCTest.framework */,
			);
			name = Frameworks;
			sourceTree = "<group>";
		};
		F82AEC71193A036B0085C65E /* NutriBrowser */ = {
			isa = PBXGroup;
			children = (
				F82AEC7A193A036B0085C65E /* CCSAppDelegate.h */,
				F82AEC7B193A036B0085C65E /* CCSAppDelegate.m */,
				F82AEC7D193A036B0085C65E /* Main_iPhone.storyboard */,
				F82AEC80193A036B0085C65E /* Main_iPad.storyboard */,
				F82AEC86193A036B0085C65E /* CCSMasterViewController.h */,
				F82AEC87193A036B0085C65E /* CCSMasterViewController.m */,
				F82AEC89193A036B0085C65E /* CCSDetailViewController.h */,
				F82AEC8A193A036B0085C65E /* CCSDetailViewController.m */,
				F82AEC8C193A036B0085C65E /* Images.xcassets */,
				F82AEC83193A036B0085C65E /* NutriBrowser.xcdatamodeld */,
				F82AEC72193A036B0085C65E /* Supporting Files */,
			);
			path = NutriBrowser;
			sourceTree = "<group>";
		};
		F82AEC72193A036B0085C65E /* Supporting Files */ = {
			isa = PBXGroup;
			children = (
				F82AEC73193A036B0085C65E /* NutriBrowser-Info.plist */,
				F82AEC74193A036B0085C65E /* InfoPlist.strings */,
				F82AEC77193A036B0085C65E /* main.m */,
				F82AEC79193A036B0085C65E /* NutriBrowser-Prefix.pch */,
			);
			name = "Supporting Files";
			sourceTree = "<group>";
		};
		F82AEC9A193A036B0085C65E /* NutriBrowserTests */ = {
			isa = PBXGroup;
			children = (
				F82AECA0193A036B0085C65E /* NutriBrowserTests.m */,
				F82AEC9B193A036B0085C65E /* Supporting Files */,
			);
			path = NutriBrowserTests;
			sourceTree = "<group>";
		};
		F82AEC9B193A036B0085C65E /* Supporting Files */ = {
			isa = PBXGroup;
			children = (
				F82AEC9C193A036B0085C65E /* NutriBrowserTests-Info.plist */,
				F82AEC9D193A036B0085C65E /* InfoPlist.strings */,
			);
			name = "Supporting Files";
			sourceTree = "<group>";
		};
/* End PBXGroup section */

/* Begin PBXNativeTarget section */
		F82AEC65193A036B0085C65E /* NutriBrowser */ = {
			isa = PBXNativeTarget;
			buildConfigurationList = F82AECA4193A036B0085C65E /* Build configuration list for PBXNativeTarget "NutriBrowser" */;
			buildPhases = (
				F82AEC62193A036B0085C65E /* Sources */,
				F82AEC63193A036B0085C65E /* Frameworks */,
				F82AEC64193A036B0085C65E /* Resources */,
			);
			buildRules = (
			);
			dependencies = (
			);
			name = NutriBrowser;
			productName = NutriBrowser;
			productReference = F82AEC66193A036B0085C65E /* NutriBrowser.app */;
			productType = "com.apple.product-type.application";
		};
		F82AEC91193A036B0085C65E /* NutriBrowserTests */ = {
			isa = PBXNativeTarget;
			buildConfigurationList = F82AECA7193A036B0085C65E /* Build configuration list for PBXNativeTarget "NutriBrowserTests" */;
			buildPhases = (
				F82AEC8E193A036B0085C65E /* Sources */,
				F82AEC8F193A036B0085C65E /* Frameworks */,
				F82AEC90193A036B0085C65E /* Resources */,
			);
			buildRules = (
			);
			dependencies = (
				F82AEC99193A036B0085C65E /* PBXTargetDependency */,
			);
			name = NutriBrowserTests;
			productName = NutriBrowserTests;
			productReference = F82AEC92193A036B0085C65E /* NutriBrowserTests.xctest */;
			productType = "com.apple.product-type.bundle.unit-test";
		};
/* End PBXNativeTarget section */

/* Begin PBXProject section */
		F82AEC5E193A036B0085C65E /* Project object */ = {
			isa = PBXProject;
			attributes = {
				CLASSPREFIX = CCS;
				LastUpgradeCheck = 0510;
				ORGANIZATIONNAME = "Coleman Creative Service";
				TargetAttributes = {
					F82AEC65193A036B0085C65E = {
						DevelopmentTeam = F5GCE5646X;
					};
					F82AEC91193A036B0085C65E = {
						TestTargetID = F82AEC65193A036B0085C65E;
					};
				};
			};
			buildConfigurationList = F82AEC61193A036B0085C65E /* Build configuration list for PBXProject "NutriBrowser" */;
			compatibilityVersion = "Xcode 3.2";
			developmentRegion = English;
			hasScannedForEncodings = 0;
			knownRegions = (
				en,
				Base,
			);
			mainGroup = F82AEC5D193A036B0085C65E;
			productRefGroup = F82AEC67193A036B0085C65E /* Products */;
			projectDirPath = "";
			projectRoot = "";
			targets = (
				F82AEC65193A036B0085C65E /* NutriBrowser */,
				F82AEC91193A036B0085C65E /* NutriBrowserTests */,
			);
		};
/* End PBXProject section */

/* Begin PBXResourcesBuildPhase section */
		F82AEC64193A036B0085C65E /* Resources */ = {
			isa = PBXResourcesBuildPhase;
			buildActionMask = 2147483647;
			files = (
				F82AEC82193A036B0085C65E /* Main_iPad.storyboard in Resources */,
				F82AEC8D193A036B0085C65E /* Images.xcassets in Resources */,
				F82AEC7F193A036B0085C65E /* Main_iPhone.storyboard in Resources */,
				F82AEC76193A036B0085C65E /* InfoPlist.strings in Resources */,
			);
			runOnlyForDeploymentPostprocessing = 0;
		};
		F82AEC90193A036B0085C65E /* Resources */ = {
			isa = PBXResourcesBuildPhase;
			buildActionMask = 2147483647;
			files = (
				F82AEC9F193A036B0085C65E /* InfoPlist.strings in Resources */,
			);
			runOnlyForDeploymentPostprocessing = 0;
		};
/* End PBXResourcesBuildPhase section */

/* Begin PBXSourcesBuildPhase section */
		F82AEC62193A036B0085C65E /* Sources */ = {
			isa = PBXSourcesBuildPhase;
			buildActionMask = 2147483647;
			files = (
				F82AEC88193A036B0085C65E /* CCSMasterViewController.m in Sources */,
				F82AEC8B193A036B0085C65E /* CCSDetailViewController.m in Sources */,
				F82AEC7C193A036B0085C65E /* CCSAppDelegate.m in Sources */,
				F82AEC78193A036B0085C65E /* main.m in Sources */,
				F82AEC85193A036B0085C65E /* NutriBrowser.xcdatamodeld in Sources */,
			);
			runOnlyForDeploymentPostprocessing = 0;
		};
		F82AEC8E193A036B0085C65E /* Sources */ = {
			isa = PBXSourcesBuildPhase;
			buildActionMask = 2147483647;
			files = (
				F82AECA1193A036B0085C65E /* NutriBrowserTests.m in Sources */,
			);
			runOnlyForDeploymentPostprocessing = 0;
		};
/* End PBXSourcesBuildPhase section */

/* Begin PBXTargetDependency section */
		F82AEC99193A036B0085C65E /* PBXTargetDependency */ = {
			isa = PBXTargetDependency;
			target = F82AEC65193A036B0085C65E /* NutriBrowser */;
			targetProxy = F82AEC98193A036B0085C65E /* PBXContainerItemProxy */;
		};
/* End PBXTargetDependency section */

/* Begin PBXVariantGroup section */
		F82AEC74193A036B0085C65E /* InfoPlist.strings */ = {
			isa = PBXVariantGroup;
			children = (
				F82AEC75193A036B0085C65E /* en */,
			);
			name = InfoPlist.strings;
			sourceTree = "<group>";
		};
		F82AEC7D193A036B0085C65E /* Main_iPhone.storyboard */ = {
			isa = PBXVariantGroup;
			children = (
				F82AEC7E193A036B0085C65E /* Base */,
			);
			name = Main_iPhone.storyboard;
			sourceTree = "<group>";
		};
		F82AEC80193A036B0085C65E /* Main_iPad.storyboard */ = {
			isa = PBXVariantGroup;
			children = (
				F82AEC81193A036B0085C65E /* Base */,
			);
			name = Main_iPad.storyboard;
			sourceTree = "<group>";
		};
		F82AEC9D193A036B0085C65E /* InfoPlist.strings */ = {
			isa = PBXVariantGroup;
			children = (
				F82AEC9E193A036B0085C65E /* en */,
			);
			name = InfoPlist.strings;
			sourceTree = "<group>";
		};
/* End PBXVariantGroup section */

/* Begin XCBuildConfiguration section */
		F82AECA2193A036B0085C65E /* Debug */ = {
			isa = XCBuildConfiguration;
			buildSettings = {
				ALWAYS_SEARCH_USER_PATHS = NO;
				CLANG_CXX_LANGUAGE_STANDARD = "gnu++0x";
				CLANG_CXX_LIBRARY = "libc++";
				CLANG_ENABLE_MODULES = YES;
				CLANG_ENABLE_OBJC_ARC = YES;
				CLANG_WARN_BOOL_CONVERSION = YES;
				CLANG_WARN_CONSTANT_CONVERSION = YES;
				CLANG_WARN_DIRECT_OBJC_ISA_USAGE = YES_ERROR;
				CLANG_WARN_EMPTY_BODY = YES;
				CLANG_WARN_ENUM_CONVERSION = YES;
				CLANG_WARN_INT_CONVERSION = YES;
				CLANG_WARN_OBJC_ROOT_CLASS = YES_ERROR;
				CLANG_WARN__DUPLICATE_METHOD_MATCH = YES;
				"CODE_SIGN_IDENTITY[sdk=iphoneos*]" = "iPhone Developer";
				COPY_PHASE_STRIP = NO;
				GCC_C_LANGUAGE_STANDARD = gnu99;
				GCC_DYNAMIC_NO_PIC = NO;
				GCC_OPTIMIZATION_LEVEL = 0;
				GCC_PREPROCESSOR_DEFINITIONS = (
					"DEBUG=1",
					"$(inherited)",
				);
				GCC_SYMBOLS_PRIVATE_EXTERN = NO;
				GCC_WARN_64_TO_32_BIT_CONVERSION = YES;
				GCC_WARN_ABOUT_RETURN_TYPE = YES_ERROR;
				GCC_WARN_UNDECLARED_SELECTOR = YES;
				GCC_WARN_UNINITIALIZED_AUTOS = YES_AGGRESSIVE;
				GCC_WARN_UNUSED_FUNCTION = YES;
				GCC_WARN_UNUSED_VARIABLE = YES;
				IPHONEOS_DEPLOYMENT_TARGET = 7.1;
				ONLY_ACTIVE_ARCH = YES;
				SDKROOT = iphoneos;
				TARGETED_DEVICE_FAMILY = "1,2";
			};
			name = Debug;
		};
		F82AECA3193A036B0085C65E /* Release */ = {
			isa = XCBuildConfiguration;
			buildSettings = {
				ALWAYS_SEARCH_USER_PATHS = NO;
				CLANG_CXX_LANGUAGE_STANDARD = "gnu++0x";
				CLANG_CXX_LIBRARY = "libc++";
				CLANG_ENABLE_MODULES = YES;
				CLANG_ENABLE_OBJC_ARC = YES;
				CLANG_WARN_BOOL_CONVERSION = YES;
				CLANG_WARN_CONSTANT_CONVERSION = YES;
				CLANG_WARN_DIRECT_OBJC_ISA_USAGE = YES_ERROR;
				CLANG_WARN_EMPTY_BODY = YES;
				CLANG_WARN_ENUM_CONVERSION = YES;
				CLANG_WARN_INT_CONVERSION = YES;
				CLANG_WARN_OBJC_ROOT_CLASS = YES_ERROR;
				CLANG_WARN__DUPLICATE_METHOD_MATCH = YES;
				"CODE_SIGN_IDENTITY[sdk=iphoneos*]" = "iPhone Developer";
				COPY_PHASE_STRIP = YES;
				ENABLE_NS_ASSERTIONS = NO;
				GCC_C_LANGUAGE_STANDARD = gnu99;
				GCC_WARN_64_TO_32_BIT_CONVERSION = YES;
				GCC_WARN_ABOUT_RETURN_TYPE = YES_ERROR;
				GCC_WARN_UNDECLARED_SELECTOR = YES;
				GCC_WARN_UNINITIALIZED_AUTOS = YES_AGGRESSIVE;
				GCC_WARN_UNUSED_FUNCTION = YES;
				GCC_WARN_UNUSED_VARIABLE = YES;
				IPHONEOS_DEPLOYMENT_TARGET = 7.1;
				SDKROOT = iphoneos;
				TARGETED_DEVICE_FAMILY = "1,2";
				VALIDATE_PRODUCT = YES;
			};
			name = Release;
		};
		F82AECA5193A036B0085C65E /* Debug */ = {
			isa = XCBuildConfiguration;
			buildSettings = {
				ASSETCATALOG_COMPILER_APPICON_NAME = AppIcon;
				ASSETCATALOG_COMPILER_LAUNCHIMAGE_NAME = LaunchImage;
				CODE_SIGN_IDENTITY = "iPhone Developer";
				"CODE_SIGN_IDENTITY[sdk=iphoneos*]" = "iPhone Developer";
				GCC_PRECOMPILE_PREFIX_HEADER = YES;
				GCC_PREFIX_HEADER = "NutriBrowser/NutriBrowser-Prefix.pch";
				INFOPLIST_FILE = "NutriBrowser/NutriBrowser-Info.plist";
				PRODUCT_NAME = "$(TARGET_NAME)";
				PROVISIONING_PROFILE = "";
				TARGETED_DEVICE_FAMILY = 2;
				WRAPPER_EXTENSION = app;
			};
			name = Debug;
		};
		F82AECA6193A036B0085C65E /* Release */ = {
			isa = XCBuildConfiguration;
			buildSettings = {
				ASSETCATALOG_COMPILER_APPICON_NAME = AppIcon;
				ASSETCATALOG_COMPILER_LAUNCHIMAGE_NAME = LaunchImage;
				CODE_SIGN_IDENTITY = "iPhone Developer";
				"CODE_SIGN_IDENTITY[sdk=iphoneos*]" = "iPhone Developer";
				GCC_PRECOMPILE_PREFIX_HEADER = YES;
				GCC_PREFIX_HEADER = "NutriBrowser/NutriBrowser-Prefix.pch";
				INFOPLIST_FILE = "NutriBrowser/NutriBrowser-Info.plist";
				PRODUCT_NAME = "$(TARGET_NAME)";
				PROVISIONING_PROFILE = "";
				TARGETED_DEVICE_FAMILY = 2;
				WRAPPER_EXTENSION = app;
			};
			name = Release;
		};
		F82AECA8193A036B0085C65E /* Debug */ = {
			isa = XCBuildConfiguration;
			buildSettings = {
				BUNDLE_LOADER = "$(BUILT_PRODUCTS_DIR)/NutriBrowser.app/NutriBrowser";
				FRAMEWORK_SEARCH_PATHS = (
					"$(SDKROOT)/Developer/Library/Frameworks",
					"$(inherited)",
					"$(DEVELOPER_FRAMEWORKS_DIR)",
				);
				GCC_PRECOMPILE_PREFIX_HEADER = YES;
				GCC_PREFIX_HEADER = "NutriBrowser/NutriBrowser-Prefix.pch";
				GCC_PREPROCESSOR_DEFINITIONS = (
					"DEBUG=1",
					"$(inherited)",
				);
				INFOPLIST_FILE = "NutriBrowserTests/NutriBrowserTests-Info.plist";
				PRODUCT_NAME = "$(TARGET_NAME)";
				TEST_HOST = "$(BUNDLE_LOADER)";
				WRAPPER_EXTENSION = xctest;
			};
			name = Debug;
		};
		F82AECA9193A036B0085C65E /* Release */ = {
			isa = XCBuildConfiguration;
			buildSettings = {
				BUNDLE_LOADER = "$(BUILT_PRODUCTS_DIR)/NutriBrowser.app/NutriBrowser";
				FRAMEWORK_SEARCH_PATHS = (
					"$(SDKROOT)/Developer/Library/Frameworks",
					"$(inherited)",
					"$(DEVELOPER_FRAMEWORKS_DIR)",
				);
				GCC_PRECOMPILE_PREFIX_HEADER = YES;
				GCC_PREFIX_HEADER = "NutriBrowser/NutriBrowser-Prefix.pch";
				INFOPLIST_FILE = "NutriBrowserTests/NutriBrowserTests-Info.plist";
				PRODUCT_NAME = "$(TARGET_NAME)";
				TEST_HOST = "$(BUNDLE_LOADER)";
				WRAPPER_EXTENSION = xctest;
			};
			name = Release;
		};
/* End XCBuildConfiguration section */

/* Begin XCConfigurationList section */
		F82AEC61193A036B0085C65E /* Build configuration list for PBXProject "NutriBrowser" */ = {
			isa = XCConfigurationList;
			buildConfigurations = (
				F82AECA2193A036B0085C65E /* Debug */,
				F82AECA3193A036B0085C65E /* Release */,
			);
			defaultConfigurationIsVisible = 0;
			defaultConfigurationName = Release;
		};
		F82AECA4193A036B0085C65E /* Build configuration list for PBXNativeTarget "NutriBrowser" */ = {
			isa = XCConfigurationList;
			buildConfigurations = (
				F82AECA5193A036B0085C65E /* Debug */,
				F82AECA6193A036B0085C65E /* Release */,
			);
			defaultConfigurationIsVisible = 0;
			defaultConfigurationName = Release;
		};
		F82AECA7193A036B0085C65E /* Build configuration list for PBXNativeTarget "NutriBrowserTests" */ = {
			isa = XCConfigurationList;
			buildConfigurations = (
				F82AECA8193A036B0085C65E /* Debug */,
				F82AECA9193A036B0085C65E /* Release */,
			);
			defaultConfigurationIsVisible = 0;
			defaultConfigurationName = Release;
		};
/* End XCConfigurationList section */

/* Begin XCVersionGroup section */
		F82AEC83193A036B0085C65E /* NutriBrowser.xcdatamodeld */ = {
			isa = XCVersionGroup;
			children = (
				F82AEC84193A036B0085C65E /* NutriBrowser.xcdatamodel */,
			);
			currentVersion = F82AEC84193A036B0085C65E /* NutriBrowser.xcdatamodel */;
			path = NutriBrowser.xcdatamodeld;
			sourceTree = "<group>";
			versionGroupType = wrapper.xcdatamodel;
		};
/* End XCVersionGroup section */
	};
	rootObject = F82AEC5E193A036B0085C65E /* Project object */;
}
